{
  "version": "5",
  "specifiers": {
    "jsr:@std/cli@*": "1.0.25",
    "jsr:@std/cli@1": "1.0.25",
    "jsr:@std/internal@^1.0.12": "1.0.13"
  },
  "jsr": {
    "@std/cli@1.0.25": {
      "integrity": "1f85051b370c97a7a9dfc6ba626e7ed57a91bea8c081597276d1e78d929d8c91",
      "dependencies": [
        "jsr:@std/internal"
      ]
    },
    "@std/internal@1.0.13": {
      "integrity": "2f9546691d4ac2d32859c82dff284aaeac980ddeca38430d07941e7e288725c0"
    }
  },
  "workspace": {
    "dependencies": [
      "jsr:@std/cli@1"
    ]
  }
}
